<?xml version="1.0" encoding="utf-8"?>
<Project ToolsVersion="4.0" xmlns="http://schemas.microsoft.com/developer/msbuild/2003">
  <ItemGroup>
    <Filter Include="streams">
      <UniqueIdentifier>{d5441df5-4dd6-47b9-9354-92c957d34ad0}</UniqueIdentifier>
    </Filter>
    <Filter Include="debug">
      <UniqueIdentifier>{ce6a1e8c-50a6-4722-bce7-6b17a4af542e}</UniqueIdentifier>
    </Filter>
    <Filter Include="threads">
      <UniqueIdentifier>{c8a4c03f-54f2-4946-9315-332a9e803295}</UniqueIdentifier>
    </Filter>
    <Filter Include="datatypes">
      <UniqueIdentifier>{f5f79544-dcf5-4caa-87bd-95b27c2a3b67}</UniqueIdentifier>
    </Filter>
    <Filter Include="utilities">
      <UniqueIdentifier>{1aca6980-35ec-4606-b204-1e1caf44f3ee}</UniqueIdentifier>
    </Filter>
    <Filter Include="memory">
      <UniqueIdentifier>{4be8a678-f69d-43e9-ab74-51144e5e5e81}</UniqueIdentifier>
    </Filter>
    <Filter Include="pipe">
      <UniqueIdentifier>{b1db4bbb-3699-4557-af03-c2ca41a7c049}</UniqueIdentifier>
    </Filter>
    <Filter Include="files">
      <UniqueIdentifier>{fdcf7ab0-6b31-4e21-9ae5-ab65c0af18da}</UniqueIdentifier>
    </Filter>
  </ItemGroup>
  <ItemGroup>
    <ClCompile Include="IBufferStream.cpp">
      <Filter>streams</Filter>
    </ClCompile>
    <ClCompile Include="IDataStream.cpp">
      <Filter>streams</Filter>
    </ClCompile>
    <ClCompile Include="IFileStream.cpp">
      <Filter>streams</Filter>
    </ClCompile>
    <ClCompile Include="ISegmentStream.cpp">
      <Filter>streams</Filter>
    </ClCompile>
    <ClCompile Include="IDebugLog.cpp">
      <Filter>debug</Filter>
    </ClCompile>
    <ClCompile Include="IErrors.cpp">
      <Filter>debug</Filter>
    </ClCompile>
    <ClCompile Include="IEvent.cpp">
      <Filter>threads</Filter>
    </ClCompile>
    <ClCompile Include="IInterlockedLong.cpp">
      <Filter>threads</Filter>
    </ClCompile>
    <ClCompile Include="IMutex.cpp">
      <Filter>threads</Filter>
    </ClCompile>
    <ClCompile Include="IReadWriteLock.cpp">
      <Filter>threads</Filter>
    </ClCompile>
    <ClCompile Include="IThread.cpp">
      <Filter>threads</Filter>
    </ClCompile>
    <ClCompile Include="IArchive.cpp">
      <Filter>datatypes</Filter>
    </ClCompile>
    <ClCompile Include="IDatabase.cpp">
      <Filter>datatypes</Filter>
    </ClCompile>
    <ClCompile Include="IFIFO.cpp">
      <Filter>datatypes</Filter>
    </ClCompile>
    <ClCompile Include="IRangeMap.cpp">
      <Filter>datatypes</Filter>
    </ClCompile>
    <ClCompile Include="ISingleton.cpp">
      <Filter>datatypes</Filter>
    </ClCompile>
    <ClCompile Include="ITextParser.cpp">
      <Filter>datatypes</Filter>
    </ClCompile>
    <ClCompile Include="ITypes.cpp">
      <Filter>datatypes</Filter>
    </ClCompile>
    <ClCompile Include="IConsole.cpp">
      <Filter>utilities</Filter>
    </ClCompile>
    <ClCompile Include="IDynamicCreate.cpp">
      <Filter>utilities</Filter>
    </ClCompile>
    <ClCompile Include="ITimer.cpp">
      <Filter>utilities</Filter>
    </ClCompile>
    <ClCompile Include="IMemPool.cpp">
      <Filter>memory</Filter>
    </ClCompile>
    <ClCompile Include="IObjectPool.cpp">
      <Filter>memory</Filter>
    </ClCompile>
    <ClCompile Include="IPipeClient.cpp">
      <Filter>pipe</Filter>
    </ClCompile>
    <ClCompile Include="IPipeServer.cpp">
      <Filter>pipe</Filter>
    </ClCompile>
    <ClCompile Include="IDirectoryIterator.cpp">
      <Filter>files</Filter>
    </ClCompile>
  </ItemGroup>
  <ItemGroup>
    <ClInclude Include="IBufferStream.h">
      <Filter>streams</Filter>
    </ClInclude>
    <ClInclude Include="IDataStream.h">
      <Filter>streams</Filter>
    </ClInclude>
    <ClInclude Include="IFileStream.h">
      <Filter>streams</Filter>
    </ClInclude>
    <ClInclude Include="ISegmentStream.h">
      <Filter>streams</Filter>
    </ClInclude>
    <ClInclude Include="IDebugLog.h">
      <Filter>debug</Filter>
    </ClInclude>
    <ClInclude Include="IErrors.h">
      <Filter>debug</Filter>
    </ClInclude>
    <ClInclude Include="ICriticalSection.h">
      <Filter>threads</Filter>
    </ClInclude>
    <ClInclude Include="IEvent.h">
      <Filter>threads</Filter>
    </ClInclude>
    <ClInclude Include="IInterlockedLong.h">
      <Filter>threads</Filter>
    </ClInclude>
    <ClInclude Include="IMutex.h">
      <Filter>threads</Filter>
    </ClInclude>
    <ClInclude Include="IReadWriteLock.h">
      <Filter>threads</Filter>
    </ClInclude>
    <ClInclude Include="IThread.h">
      <Filter>threads</Filter>
    </ClInclude>
    <ClInclude Include="IArchive.h">
      <Filter>datatypes</Filter>
    </ClInclude>
    <ClInclude Include="IDatabase.h">
      <Filter>datatypes</Filter>
    </ClInclude>
    <ClInclude Include="IFIFO.h">
      <Filter>datatypes</Filter>
    </ClInclude>
    <ClInclude Include="ILinkedList.h">
      <Filter>datatypes</Filter>
    </ClInclude>
    <ClInclude Include="IRangeMap.h">
      <Filter>datatypes</Filter>
    </ClInclude>
    <ClInclude Include="ISingleton.h">
      <Filter>datatypes</Filter>
    </ClInclude>
    <ClInclude Include="ITextParser.h">
      <Filter>datatypes</Filter>
    </ClInclude>
    <ClInclude Include="ITypes.h">
      <Filter>datatypes</Filter>
    </ClInclude>
    <ClInclude Include="IConsole.h">
      <Filter>utilities</Filter>
    </ClInclude>
    <ClInclude Include="IDynamicCreate.h">
      <Filter>utilities</Filter>
    </ClInclude>
    <ClInclude Include="ITimer.h">
      <Filter>utilities</Filter>
    </ClInclude>
    <ClInclude Include="IMemPool.h">
      <Filter>memory</Filter>
    </ClInclude>
    <ClInclude Include="IObjectPool.h">
      <Filter>memory</Filter>
    </ClInclude>
    <ClInclude Include="IPipeClient.h">
      <Filter>pipe</Filter>
    </ClInclude>
    <ClInclude Include="IPipeServer.h">
      <Filter>pipe</Filter>
    </ClInclude>
    <ClInclude Include="IDirectoryIterator.h">
      <Filter>files</Filter>
    </ClInclude>
    <ClInclude Include="IPrefix.h" />
  </ItemGroup>
  <ItemGroup>
    <None Include="IDatabase.inc">
      <Filter>datatypes</Filter>
    </None>
  </ItemGroup>
</Project>